
Microsoft Visual Studio Solution File, Format Version 12.00
# Visual Studio 15
VisualStudioVersion = 15.0.27703.2042
MinimumVisualStudioVersion = 10.0.40219.1
Project("{FAE04EC0-301F-11D3-BF4B-00C04F79EFBC}") = "DividerContest", "DividerContest\DividerContest.csproj", "{542BDFA5-70FA-4E76-A6A3-E217D2F47DDD}"
EndProject
Global
	GlobalSection(SolutionConfigurationPlatforms) = preSolution
		Debug|Any CPU = Debug|Any CPU
		Release|Any CPU = Release|Any CPU
	EndGlobalSection
	GlobalSection(ProjectConfigurationPlatforms) = postSolution
		{542BDFA5-70FA-4E76-A6A3-E217D2F47DDD}.Debug|Any CPU.ActiveCfg = Release|Any CPU
		{542BDFA5-70FA-4E76-A6A3-E217D2F47DDD}.Debug|Any CPU.Build.0 = Release|Any CPU
		{542BDFA5-70FA-4E76-A6A3-E217D2F47DDD}.Release|Any CPU.ActiveCfg = Release|Any CPU
		{542BDFA5-70FA-4E76-A6A3-E217D2F47DDD}.Release|Any CPU.Build.0 = Release|Any CPU
	EndGlobalSection
	GlobalSection(SolutionProperties) = preSolution
		HideSolutionNode = FALSE
	EndGlobalSection
	GlobalSection(ExtensibilityGlobals) = postSolution
		SolutionGuid = {3307E64C-314C-4BB5-AEB8-6645BA73DC64}
	EndGlobalSection
EndGlobal
